$begin 'ConnectionParameters'
	DesktopProcessID=19256
	DesktopProcessPath='D:\\ANSYS Inc\\AnsysEM\\v232\\Win64\\ansysedt.exe'
	LaunchedByWB=false
	$begin 'DesktopStubBlock'
		$begin 'CommDetails'
			TransportType=1
			IPAddress='10.0.30.29'
			ListenPort='59553'
		$end 'CommDetails'
		$begin 'Marshall'
			InstanceID=503
			ProcID=19256
			InterfaceID=1
			FactoryIntID='DesktopInterfaceForWBProxyStubFactory'
		$end 'Marshall'
	$end 'DesktopStubBlock'
	$begin 'DesktopBackgroundObjStubBlock'
		$begin 'CommDetails'
			TransportType=1
			IPAddress='10.0.30.29'
			ListenPort='59553'
		$end 'CommDetails'
		$begin 'Marshall'
			InstanceID=505
			ProcID=19256
			InterfaceID=2
			FactoryIntID='DesktopInterfaceForWBProxyStubFactory'
		$end 'Marshall'
	$end 'DesktopBackgroundObjStubBlock'
$end 'ConnectionParameters'
